
Microsoft Visual Studio Solution File, Format Version 12.00
# Visual Studio Version 16
VisualStudioVersion = 16.0.30114.105
MinimumVisualStudioVersion = 10.0.40219.1
Project("{FAE04EC0-301F-11D3-BF4B-00C04F79EFBC}") = "WebApi", "WebApi\WebApi.csproj", "{C196E138-56A2-42FF-9657-46FFA0069143}"
EndProject
Project("{2150E333-8FDC-42A3-9474-1A3956D46DE8}") = "Tests", "Tests", "{B1E1111A-2DE6-4B4F-85ED-E7EA2DEE5753}"
EndProject
Project("{FAE04EC0-301F-11D3-BF4B-00C04F79EFBC}") = "WebApi.UnitTests", "Tests\WebApi.UnitTests\WebApi.UnitTests.csproj", "{546FFA0D-DCD4-4E95-AA1A-54276D29933C}"
EndProject
Global
	GlobalSection(SolutionConfigurationPlatforms) = preSolution
		Debug|Any CPU = Debug|Any CPU
		Debug|x64 = Debug|x64
		Debug|x86 = Debug|x86
		Release|Any CPU = Release|Any CPU
		Release|x64 = Release|x64
		Release|x86 = Release|x86
	EndGlobalSection
	GlobalSection(SolutionProperties) = preSolution
		HideSolutionNode = FALSE
	EndGlobalSection
	GlobalSection(ProjectConfigurationPlatforms) = postSolution
		{C196E138-56A2-42FF-9657-46FFA0069143}.Debug|Any CPU.ActiveCfg = Debug|Any CPU
		{C196E138-56A2-42FF-9657-46FFA0069143}.Debug|Any CPU.Build.0 = Debug|Any CPU
		{C196E138-56A2-42FF-9657-46FFA0069143}.Debug|x64.ActiveCfg = Debug|Any CPU
		{C196E138-56A2-42FF-9657-46FFA0069143}.Debug|x64.Build.0 = Debug|Any CPU
		{C196E138-56A2-42FF-9657-46FFA0069143}.Debug|x86.ActiveCfg = Debug|Any CPU
		{C196E138-56A2-42FF-9657-46FFA0069143}.Debug|x86.Build.0 = Debug|Any CPU
		{C196E138-56A2-42FF-9657-46FFA0069143}.Release|Any CPU.ActiveCfg = Release|Any CPU
		{C196E138-56A2-42FF-9657-46FFA0069143}.Release|Any CPU.Build.0 = Release|Any CPU
		{C196E138-56A2-42FF-9657-46FFA0069143}.Release|x64.ActiveCfg = Release|Any CPU
		{C196E138-56A2-42FF-9657-46FFA0069143}.Release|x64.Build.0 = Release|Any CPU
		{C196E138-56A2-42FF-9657-46FFA0069143}.Release|x86.ActiveCfg = Release|Any CPU
		{C196E138-56A2-42FF-9657-46FFA0069143}.Release|x86.Build.0 = Release|Any CPU
		{546FFA0D-DCD4-4E95-AA1A-54276D29933C}.Debug|Any CPU.ActiveCfg = Debug|Any CPU
		{546FFA0D-DCD4-4E95-AA1A-54276D29933C}.Debug|Any CPU.Build.0 = Debug|Any CPU
		{546FFA0D-DCD4-4E95-AA1A-54276D29933C}.Debug|x64.ActiveCfg = Debug|Any CPU
		{546FFA0D-DCD4-4E95-AA1A-54276D29933C}.Debug|x64.Build.0 = Debug|Any CPU
		{546FFA0D-DCD4-4E95-AA1A-54276D29933C}.Debug|x86.ActiveCfg = Debug|Any CPU
		{546FFA0D-DCD4-4E95-AA1A-54276D29933C}.Debug|x86.Build.0 = Debug|Any CPU
		{546FFA0D-DCD4-4E95-AA1A-54276D29933C}.Release|Any CPU.ActiveCfg = Release|Any CPU
		{546FFA0D-DCD4-4E95-AA1A-54276D29933C}.Release|Any CPU.Build.0 = Release|Any CPU
		{546FFA0D-DCD4-4E95-AA1A-54276D29933C}.Release|x64.ActiveCfg = Release|Any CPU
		{546FFA0D-DCD4-4E95-AA1A-54276D29933C}.Release|x64.Build.0 = Release|Any CPU
		{546FFA0D-DCD4-4E95-AA1A-54276D29933C}.Release|x86.ActiveCfg = Release|Any CPU
		{546FFA0D-DCD4-4E95-AA1A-54276D29933C}.Release|x86.Build.0 = Release|Any CPU
	EndGlobalSection
	GlobalSection(NestedProjects) = preSolution
		{546FFA0D-DCD4-4E95-AA1A-54276D29933C} = {B1E1111A-2DE6-4B4F-85ED-E7EA2DEE5753}
	EndGlobalSection
EndGlobal
